{
  "name": "threedom-threepeats",
  "lockfileVersion": 2,
  "requires": true,
  "packages": {
    "": {
      "dependencies": {
        "colorette": "^2.0.19",
        "minimist": "^1.2.7",
        "slugify": "^1.6.5",
        "underscore": "^1.13.6"
      },
      "devDependencies": {
        "corpus_tools": "^1.0.0"
      }
    },
    "node_modules/colorette": {
      "version": "2.0.19",
      "resolved": "https://registry.npmjs.org/colorette/-/colorette-2.0.19.tgz",
      "integrity": "sha512-3tlv/dIP7FWvj3BsbHrGLJ6l/oKh1O3TcgBqMn+yyCagOxc23fyzDS6HypQbgxWbkpDnf52p1LuR4eWDQ/K9WQ=="
    },
    "node_modules/corpus_tools": {
      "version": "1.0.0",
      "resolved": "https://registry.npmjs.org/corpus_tools/-/corpus_tools-1.0.0.tgz",
      "integrity": "sha512-1d7dN68SxPfynhD69n8eyjL69kQELYawEFhYpauH/lxZ0dqeOK4HpRbXVKdPEE+8eVpNi55BOlWKE/svbGcfWg==",
      "dev": true
    },
    "node_modules/minimist": {
      "version": "1.2.7",
      "resolved": "https://registry.npmjs.org/minimist/-/minimist-1.2.7.tgz",
      "integrity": "sha512-bzfL1YUZsP41gmu/qjrEk0Q6i2ix/cVeAhbCbqH9u3zYutS1cLg00qhrD0M2MVdCcx4Sc0UpP2eBWo9rotpq6g==",
      "funding": {
        "url": "https://github.com/sponsors/ljharb"
      }
    },
    "node_modules/slugify": {
      "version": "1.6.5",
      "resolved": "https://registry.npmjs.org/slugify/-/slugify-1.6.5.tgz",
      "integrity": "sha512-8mo9bslnBO3tr5PEVFzMPIWwWnipGS0xVbYf65zxDqfNwmzYn1LpiKNrR6DlClusuvo+hDHd1zKpmfAe83NQSQ==",
      "engines": {
        "node": ">=8.0.0"
      }
    },
    "node_modules/underscore": {
      "version": "1.13.6",
      "resolved": "https://registry.npmjs.org/underscore/-/underscore-1.13.6.tgz",
      "integrity": "sha512-+A5Sja4HP1M08MaXya7p5LvjuM7K6q/2EaC0+iovj/wOcMsTzMvDFbasi/oSapiwOlt252IqsKqPjCl7huKS0A=="
    }
  },
  "dependencies": {
    "colorette": {
      "version": "2.0.19",
      "resolved": "https://registry.npmjs.org/colorette/-/colorette-2.0.19.tgz",
      "integrity": "sha512-3tlv/dIP7FWvj3BsbHrGLJ6l/oKh1O3TcgBqMn+yyCagOxc23fyzDS6HypQbgxWbkpDnf52p1LuR4eWDQ/K9WQ=="
    },
    "corpus_tools": {
      "version": "1.0.0",
      "resolved": "https://registry.npmjs.org/corpus_tools/-/corpus_tools-1.0.0.tgz",
      "integrity": "sha512-1d7dN68SxPfynhD69n8eyjL69kQELYawEFhYpauH/lxZ0dqeOK4HpRbXVKdPEE+8eVpNi55BOlWKE/svbGcfWg==",
      "dev": true
    },
    "minimist": {
      "version": "1.2.7",
      "resolved": "https://registry.npmjs.org/minimist/-/minimist-1.2.7.tgz",
      "integrity": "sha512-bzfL1YUZsP41gmu/qjrEk0Q6i2ix/cVeAhbCbqH9u3zYutS1cLg00qhrD0M2MVdCcx4Sc0UpP2eBWo9rotpq6g=="
    },
    "slugify": {
      "version": "1.6.5",
      "resolved": "https://registry.npmjs.org/slugify/-/slugify-1.6.5.tgz",
      "integrity": "sha512-8mo9bslnBO3tr5PEVFzMPIWwWnipGS0xVbYf65zxDqfNwmzYn1LpiKNrR6DlClusuvo+hDHd1zKpmfAe83NQSQ=="
    },
    "underscore": {
      "version": "1.13.6",
      "resolved": "https://registry.npmjs.org/underscore/-/underscore-1.13.6.tgz",
      "integrity": "sha512-+A5Sja4HP1M08MaXya7p5LvjuM7K6q/2EaC0+iovj/wOcMsTzMvDFbasi/oSapiwOlt252IqsKqPjCl7huKS0A=="
    }
  }
}
